
Microsoft Visual Studio Solution File, Format Version 12.00
# Visual Studio Version 17
VisualStudioVersion = 17.7.34031.279
MinimumVisualStudioVersion = 10.0.40219.1
Project("{FAE04EC0-301F-11D3-BF4B-00C04F79EFBC}") = "ReLoop", "ReLoop.csproj", "{B2FDFC59-ADDB-464F-AD15-ED517F283201}"
EndProject
Global
	GlobalSection(SolutionConfigurationPlatforms) = preSolution
		Debug|Any CPU = Debug|Any CPU
		Release|Any CPU = Release|Any CPU
	EndGlobalSection
	GlobalSection(ProjectConfigurationPlatforms) = postSolution
		{B2FDFC59-ADDB-464F-AD15-ED517F283201}.Debug|Any CPU.ActiveCfg = Debug|Any CPU
		{B2FDFC59-ADDB-464F-AD15-ED517F283201}.Debug|Any CPU.Build.0 = Debug|Any CPU
		{B2FDFC59-ADDB-464F-AD15-ED517F283201}.Release|Any CPU.ActiveCfg = Release|Any CPU
		{B2FDFC59-ADDB-464F-AD15-ED517F283201}.Release|Any CPU.Build.0 = Release|Any CPU
	EndGlobalSection
	GlobalSection(SolutionProperties) = preSolution
		HideSolutionNode = FALSE
	EndGlobalSection
	GlobalSection(ExtensibilityGlobals) = postSolution
		SolutionGuid = {7BE52B96-DEB6-4D49-A564-56914E65B9B9}
	EndGlobalSection
EndGlobal
